
Microsoft Visual Studio Solution File, Format Version 12.00
# Visual Studio 15
VisualStudioVersion = 15.0.27703.2042
MinimumVisualStudioVersion = 10.0.40219.1
Project("{9092AA53-FB77-4645-B42D-1CCCA6BD08BD}") = "MEANStackSample", "MEANStackSample.njsproj", "{982DF8B6-F139-4E7A-942E-F91B9E6AC43F}"
EndProject
Global
	GlobalSection(SolutionConfigurationPlatforms) = preSolution
		Debug|Any CPU = Debug|Any CPU
		Release|Any CPU = Release|Any CPU
	EndGlobalSection
	GlobalSection(ProjectConfigurationPlatforms) = postSolution
		{982DF8B6-F139-4E7A-942E-F91B9E6AC43F}.Debug|Any CPU.ActiveCfg = Debug|Any CPU
		{982DF8B6-F139-4E7A-942E-F91B9E6AC43F}.Debug|Any CPU.Build.0 = Debug|Any CPU
		{982DF8B6-F139-4E7A-942E-F91B9E6AC43F}.Release|Any CPU.ActiveCfg = Release|Any CPU
		{982DF8B6-F139-4E7A-942E-F91B9E6AC43F}.Release|Any CPU.Build.0 = Release|Any CPU
	EndGlobalSection
	GlobalSection(SolutionProperties) = preSolution
		HideSolutionNode = FALSE
	EndGlobalSection
	GlobalSection(ExtensibilityGlobals) = postSolution
		SolutionGuid = {D0086936-4469-40A6-A591-F2922417B975}
	EndGlobalSection
EndGlobal
